
Microsoft Visual Studio Solution File, Format Version 12.00
# Visual Studio Version 17
VisualStudioVersion = 17.0.31903.59
MinimumVisualStudioVersion = 10.0.40219.1
Project("{2150E333-8FDC-42A3-9474-1A3956D46DE8}") = "src", "src", "{827E0CD3-B72D-47B6-A68D-7590B98EB39B}"
EndProject
Project("{FAE04EC0-301F-11D3-BF4B-00C04F79EFBC}") = "AdventUtils", "src\AdventUtils\AdventUtils.csproj", "{35C86D9B-79C6-48BE-AA4E-2E3F4587E491}"
EndProject
Project("{FAE04EC0-301F-11D3-BF4B-00C04F79EFBC}") = "AdventOfCode2023", "src\AdventOfCode2023\AdventOfCode2023.csproj", "{BF97FD05-ECB3-4D12-8955-C4E8E69ABC9C}"
EndProject
Project("{FAE04EC0-301F-11D3-BF4B-00C04F79EFBC}") = "AdventOfCode2024", "src\AdventOfCode2024\AdventOfCode2024.csproj", "{A9323DA5-A353-4A89-A9E6-52528D961E2B}"
EndProject
Global
	GlobalSection(SolutionConfigurationPlatforms) = preSolution
		Debug|Any CPU = Debug|Any CPU
		Debug|x64 = Debug|x64
		Debug|x86 = Debug|x86
		Release|Any CPU = Release|Any CPU
		Release|x64 = Release|x64
		Release|x86 = Release|x86
	EndGlobalSection
	GlobalSection(ProjectConfigurationPlatforms) = postSolution
		{35C86D9B-79C6-48BE-AA4E-2E3F4587E491}.Debug|Any CPU.ActiveCfg = Debug|Any CPU
		{35C86D9B-79C6-48BE-AA4E-2E3F4587E491}.Debug|Any CPU.Build.0 = Debug|Any CPU
		{35C86D9B-79C6-48BE-AA4E-2E3F4587E491}.Debug|x64.ActiveCfg = Debug|Any CPU
		{35C86D9B-79C6-48BE-AA4E-2E3F4587E491}.Debug|x64.Build.0 = Debug|Any CPU
		{35C86D9B-79C6-48BE-AA4E-2E3F4587E491}.Debug|x86.ActiveCfg = Debug|Any CPU
		{35C86D9B-79C6-48BE-AA4E-2E3F4587E491}.Debug|x86.Build.0 = Debug|Any CPU
		{35C86D9B-79C6-48BE-AA4E-2E3F4587E491}.Release|Any CPU.ActiveCfg = Release|Any CPU
		{35C86D9B-79C6-48BE-AA4E-2E3F4587E491}.Release|Any CPU.Build.0 = Release|Any CPU
		{35C86D9B-79C6-48BE-AA4E-2E3F4587E491}.Release|x64.ActiveCfg = Release|Any CPU
		{35C86D9B-79C6-48BE-AA4E-2E3F4587E491}.Release|x64.Build.0 = Release|Any CPU
		{35C86D9B-79C6-48BE-AA4E-2E3F4587E491}.Release|x86.ActiveCfg = Release|Any CPU
		{35C86D9B-79C6-48BE-AA4E-2E3F4587E491}.Release|x86.Build.0 = Release|Any CPU
		{BF97FD05-ECB3-4D12-8955-C4E8E69ABC9C}.Debug|Any CPU.ActiveCfg = Debug|Any CPU
		{BF97FD05-ECB3-4D12-8955-C4E8E69ABC9C}.Debug|Any CPU.Build.0 = Debug|Any CPU
		{BF97FD05-ECB3-4D12-8955-C4E8E69ABC9C}.Debug|x64.ActiveCfg = Debug|Any CPU
		{BF97FD05-ECB3-4D12-8955-C4E8E69ABC9C}.Debug|x64.Build.0 = Debug|Any CPU
		{BF97FD05-ECB3-4D12-8955-C4E8E69ABC9C}.Debug|x86.ActiveCfg = Debug|Any CPU
		{BF97FD05-ECB3-4D12-8955-C4E8E69ABC9C}.Debug|x86.Build.0 = Debug|Any CPU
		{BF97FD05-ECB3-4D12-8955-C4E8E69ABC9C}.Release|Any CPU.ActiveCfg = Release|Any CPU
		{BF97FD05-ECB3-4D12-8955-C4E8E69ABC9C}.Release|Any CPU.Build.0 = Release|Any CPU
		{BF97FD05-ECB3-4D12-8955-C4E8E69ABC9C}.Release|x64.ActiveCfg = Release|Any CPU
		{BF97FD05-ECB3-4D12-8955-C4E8E69ABC9C}.Release|x64.Build.0 = Release|Any CPU
		{BF97FD05-ECB3-4D12-8955-C4E8E69ABC9C}.Release|x86.ActiveCfg = Release|Any CPU
		{BF97FD05-ECB3-4D12-8955-C4E8E69ABC9C}.Release|x86.Build.0 = Release|Any CPU
		{A9323DA5-A353-4A89-A9E6-52528D961E2B}.Debug|Any CPU.ActiveCfg = Debug|Any CPU
		{A9323DA5-A353-4A89-A9E6-52528D961E2B}.Debug|Any CPU.Build.0 = Debug|Any CPU
		{A9323DA5-A353-4A89-A9E6-52528D961E2B}.Debug|x64.ActiveCfg = Debug|Any CPU
		{A9323DA5-A353-4A89-A9E6-52528D961E2B}.Debug|x64.Build.0 = Debug|Any CPU
		{A9323DA5-A353-4A89-A9E6-52528D961E2B}.Debug|x86.ActiveCfg = Debug|Any CPU
		{A9323DA5-A353-4A89-A9E6-52528D961E2B}.Debug|x86.Build.0 = Debug|Any CPU
		{A9323DA5-A353-4A89-A9E6-52528D961E2B}.Release|Any CPU.ActiveCfg = Release|Any CPU
		{A9323DA5-A353-4A89-A9E6-52528D961E2B}.Release|Any CPU.Build.0 = Release|Any CPU
		{A9323DA5-A353-4A89-A9E6-52528D961E2B}.Release|x64.ActiveCfg = Release|Any CPU
		{A9323DA5-A353-4A89-A9E6-52528D961E2B}.Release|x64.Build.0 = Release|Any CPU
		{A9323DA5-A353-4A89-A9E6-52528D961E2B}.Release|x86.ActiveCfg = Release|Any CPU
		{A9323DA5-A353-4A89-A9E6-52528D961E2B}.Release|x86.Build.0 = Release|Any CPU
	EndGlobalSection
	GlobalSection(SolutionProperties) = preSolution
		HideSolutionNode = FALSE
	EndGlobalSection
	GlobalSection(NestedProjects) = preSolution
		{35C86D9B-79C6-48BE-AA4E-2E3F4587E491} = {827E0CD3-B72D-47B6-A68D-7590B98EB39B}
		{BF97FD05-ECB3-4D12-8955-C4E8E69ABC9C} = {827E0CD3-B72D-47B6-A68D-7590B98EB39B}
		{A9323DA5-A353-4A89-A9E6-52528D961E2B} = {827E0CD3-B72D-47B6-A68D-7590B98EB39B}
	EndGlobalSection
EndGlobal
